
Microsoft Visual Studio Solution File, Format Version 12.00
# Visual Studio Version 16
VisualStudioVersion = 16.0.32126.315
MinimumVisualStudioVersion = 10.0.40219.1
Project("{FAE04EC0-301F-11D3-BF4B-00C04F79EFBC}") = "01. Smallest of Three Numbers", "01. Smallest of Three Numbers\01. Smallest of Three Numbers.csproj", "{EA1BD825-26AF-4F8C-AEC4-FCB3DA686BA3}"
EndProject
Project("{FAE04EC0-301F-11D3-BF4B-00C04F79EFBC}") = "02. Vowels Count", "02. Vowels Count\02. Vowels Count.csproj", "{DDEBB091-B8BC-4BD5-BB9D-264FF8E36ED5}"
EndProject
Project("{FAE04EC0-301F-11D3-BF4B-00C04F79EFBC}") = "03. Characters in Range", "03. Characters in Range\03. Characters in Range.csproj", "{68F461CC-866C-44A6-9A8F-4ED95278D195}"
EndProject
Project("{FAE04EC0-301F-11D3-BF4B-00C04F79EFBC}") = "04. Password Validator", "04. Password Validator\04. Password Validator.csproj", "{A0B1CA95-3C64-4264-87E1-0524271CB4C2}"
EndProject
Project("{FAE04EC0-301F-11D3-BF4B-00C04F79EFBC}") = "05. Add and Subtract", "05. Add and Subtract\05. Add and Subtract.csproj", "{1B054C97-1BED-41AA-A1FA-25EED6C395FC}"
EndProject
Project("{FAE04EC0-301F-11D3-BF4B-00C04F79EFBC}") = "06. Middle Characters", "06. Middle Characters\06. Middle Characters.csproj", "{EC555348-12F7-4FD9-A3B2-60B6D2EFA6B5}"
EndProject
Global
	GlobalSection(SolutionConfigurationPlatforms) = preSolution
		Debug|Any CPU = Debug|Any CPU
		Release|Any CPU = Release|Any CPU
	EndGlobalSection
	GlobalSection(ProjectConfigurationPlatforms) = postSolution
		{EA1BD825-26AF-4F8C-AEC4-FCB3DA686BA3}.Debug|Any CPU.ActiveCfg = Debug|Any CPU
		{EA1BD825-26AF-4F8C-AEC4-FCB3DA686BA3}.Debug|Any CPU.Build.0 = Debug|Any CPU
		{EA1BD825-26AF-4F8C-AEC4-FCB3DA686BA3}.Release|Any CPU.ActiveCfg = Release|Any CPU
		{EA1BD825-26AF-4F8C-AEC4-FCB3DA686BA3}.Release|Any CPU.Build.0 = Release|Any CPU
		{DDEBB091-B8BC-4BD5-BB9D-264FF8E36ED5}.Debug|Any CPU.ActiveCfg = Debug|Any CPU
		{DDEBB091-B8BC-4BD5-BB9D-264FF8E36ED5}.Debug|Any CPU.Build.0 = Debug|Any CPU
		{DDEBB091-B8BC-4BD5-BB9D-264FF8E36ED5}.Release|Any CPU.ActiveCfg = Release|Any CPU
		{DDEBB091-B8BC-4BD5-BB9D-264FF8E36ED5}.Release|Any CPU.Build.0 = Release|Any CPU
		{68F461CC-866C-44A6-9A8F-4ED95278D195}.Debug|Any CPU.ActiveCfg = Debug|Any CPU
		{68F461CC-866C-44A6-9A8F-4ED95278D195}.Debug|Any CPU.Build.0 = Debug|Any CPU
		{68F461CC-866C-44A6-9A8F-4ED95278D195}.Release|Any CPU.ActiveCfg = Release|Any CPU
		{68F461CC-866C-44A6-9A8F-4ED95278D195}.Release|Any CPU.Build.0 = Release|Any CPU
		{A0B1CA95-3C64-4264-87E1-0524271CB4C2}.Debug|Any CPU.ActiveCfg = Debug|Any CPU
		{A0B1CA95-3C64-4264-87E1-0524271CB4C2}.Debug|Any CPU.Build.0 = Debug|Any CPU
		{A0B1CA95-3C64-4264-87E1-0524271CB4C2}.Release|Any CPU.ActiveCfg = Release|Any CPU
		{A0B1CA95-3C64-4264-87E1-0524271CB4C2}.Release|Any CPU.Build.0 = Release|Any CPU
		{1B054C97-1BED-41AA-A1FA-25EED6C395FC}.Debug|Any CPU.ActiveCfg = Debug|Any CPU
		{1B054C97-1BED-41AA-A1FA-25EED6C395FC}.Debug|Any CPU.Build.0 = Debug|Any CPU
		{1B054C97-1BED-41AA-A1FA-25EED6C395FC}.Release|Any CPU.ActiveCfg = Release|Any CPU
		{1B054C97-1BED-41AA-A1FA-25EED6C395FC}.Release|Any CPU.Build.0 = Release|Any CPU
		{EC555348-12F7-4FD9-A3B2-60B6D2EFA6B5}.Debug|Any CPU.ActiveCfg = Debug|Any CPU
		{EC555348-12F7-4FD9-A3B2-60B6D2EFA6B5}.Debug|Any CPU.Build.0 = Debug|Any CPU
		{EC555348-12F7-4FD9-A3B2-60B6D2EFA6B5}.Release|Any CPU.ActiveCfg = Release|Any CPU
		{EC555348-12F7-4FD9-A3B2-60B6D2EFA6B5}.Release|Any CPU.Build.0 = Release|Any CPU
	EndGlobalSection
	GlobalSection(SolutionProperties) = preSolution
		HideSolutionNode = FALSE
	EndGlobalSection
	GlobalSection(ExtensibilityGlobals) = postSolution
		SolutionGuid = {8E02F5E8-22A5-470E-B1E2-1252C1BD56AA}
	EndGlobalSection
EndGlobal
