
Microsoft Visual Studio Solution File, Format Version 12.00
# Visual Studio Version 16
VisualStudioVersion = 16.0.32126.315
MinimumVisualStudioVersion = 10.0.40219.1
Project("{FAE04EC0-301F-11D3-BF4B-00C04F79EFBC}") = "01. Smallest of Three Numbers", "01. Smallest of Three Numbers\01. Smallest of Three Numbers.csproj", "{EA1BD825-26AF-4F8C-AEC4-FCB3DA686BA3}"
EndProject
Project("{FAE04EC0-301F-11D3-BF4B-00C04F79EFBC}") = "02. Vowels Count", "02. Vowels Count\02. Vowels Count.csproj", "{DDEBB091-B8BC-4BD5-BB9D-264FF8E36ED5}"
EndProject
Global
	GlobalSection(SolutionConfigurationPlatforms) = preSolution
		Debug|Any CPU = Debug|Any CPU
		Release|Any CPU = Release|Any CPU
	EndGlobalSection
	GlobalSection(ProjectConfigurationPlatforms) = postSolution
		{EA1BD825-26AF-4F8C-AEC4-FCB3DA686BA3}.Debug|Any CPU.ActiveCfg = Debug|Any CPU
		{EA1BD825-26AF-4F8C-AEC4-FCB3DA686BA3}.Debug|Any CPU.Build.0 = Debug|Any CPU
		{EA1BD825-26AF-4F8C-AEC4-FCB3DA686BA3}.Release|Any CPU.ActiveCfg = Release|Any CPU
		{EA1BD825-26AF-4F8C-AEC4-FCB3DA686BA3}.Release|Any CPU.Build.0 = Release|Any CPU
		{DDEBB091-B8BC-4BD5-BB9D-264FF8E36ED5}.Debug|Any CPU.ActiveCfg = Debug|Any CPU
		{DDEBB091-B8BC-4BD5-BB9D-264FF8E36ED5}.Debug|Any CPU.Build.0 = Debug|Any CPU
		{DDEBB091-B8BC-4BD5-BB9D-264FF8E36ED5}.Release|Any CPU.ActiveCfg = Release|Any CPU
		{DDEBB091-B8BC-4BD5-BB9D-264FF8E36ED5}.Release|Any CPU.Build.0 = Release|Any CPU
	EndGlobalSection
	GlobalSection(SolutionProperties) = preSolution
		HideSolutionNode = FALSE
	EndGlobalSection
	GlobalSection(ExtensibilityGlobals) = postSolution
		SolutionGuid = {8E02F5E8-22A5-470E-B1E2-1252C1BD56AA}
	EndGlobalSection
EndGlobal
